
Microsoft Visual Studio Solution File, Format Version 12.00
# Visual Studio Version 18
VisualStudioVersion = 18.4.11513.90
MinimumVisualStudioVersion = 10.0.40219.1
Project("{FAE04EC0-301F-11D3-BF4B-00C04F79EFBC}") = "osu.Native", "osu.Native\osu.Native.csproj", "{8B077F85-3B67-4C37-935D-9B54F4B7CAEE}"
EndProject
Project("{FAE04EC0-301F-11D3-BF4B-00C04F79EFBC}") = "osu.Native.Analyzers", "osu.Native.Analyzers\osu.Native.Analyzers.csproj", "{C8A14474-CF45-441C-B742-3587A381BFB9}"
EndProject
Project("{FAE04EC0-301F-11D3-BF4B-00C04F79EFBC}") = "osu.Native.Tests", "osu.Native.Tests\osu.Native.Tests.csproj", "{0072958C-3FD3-41D4-8A28-D94A5D318093}"
EndProject
Project("{FAE04EC0-301F-11D3-BF4B-00C04F79EFBC}") = "osu.Game.Rulesets.Catch", "..\osu\osu.Game.Rulesets.Catch\osu.Game.Rulesets.Catch.csproj", "{D013F4EB-92C2-40BB-B1D2-6A03269017A6}"
EndProject
Project("{FAE04EC0-301F-11D3-BF4B-00C04F79EFBC}") = "osu.Game", "..\osu\osu.Game\osu.Game.csproj", "{E86290B5-3E8D-491A-AD04-AD27AC660B27}"
EndProject
Project("{FAE04EC0-301F-11D3-BF4B-00C04F79EFBC}") = "osu.Game.Rulesets.Mania", "..\osu\osu.Game.Rulesets.Mania\osu.Game.Rulesets.Mania.csproj", "{2F183E77-5634-4D1F-A5E4-21576C0DD129}"
EndProject
Project("{FAE04EC0-301F-11D3-BF4B-00C04F79EFBC}") = "osu.Game.Rulesets.Osu", "..\osu\osu.Game.Rulesets.Osu\osu.Game.Rulesets.Osu.csproj", "{8750CFD9-FC25-4470-A4C5-8AA968B21A15}"
EndProject
Project("{FAE04EC0-301F-11D3-BF4B-00C04F79EFBC}") = "osu.Game.Rulesets.Taiko", "..\osu\osu.Game.Rulesets.Taiko\osu.Game.Rulesets.Taiko.csproj", "{C34EFA7D-6C13-4D7E-9482-42FF0ABEDC1D}"
EndProject
Global
	GlobalSection(SolutionConfigurationPlatforms) = preSolution
		Debug|Any CPU = Debug|Any CPU
		Debug|x64 = Debug|x64
		Debug|x86 = Debug|x86
		Release|Any CPU = Release|Any CPU
		Release|x64 = Release|x64
		Release|x86 = Release|x86
	EndGlobalSection
	GlobalSection(ProjectConfigurationPlatforms) = postSolution
		{8B077F85-3B67-4C37-935D-9B54F4B7CAEE}.Debug|Any CPU.ActiveCfg = Debug|Any CPU
		{8B077F85-3B67-4C37-935D-9B54F4B7CAEE}.Debug|Any CPU.Build.0 = Debug|Any CPU
		{8B077F85-3B67-4C37-935D-9B54F4B7CAEE}.Debug|x64.ActiveCfg = Debug|Any CPU
		{8B077F85-3B67-4C37-935D-9B54F4B7CAEE}.Debug|x64.Build.0 = Debug|Any CPU
		{8B077F85-3B67-4C37-935D-9B54F4B7CAEE}.Debug|x86.ActiveCfg = Debug|Any CPU
		{8B077F85-3B67-4C37-935D-9B54F4B7CAEE}.Debug|x86.Build.0 = Debug|Any CPU
		{8B077F85-3B67-4C37-935D-9B54F4B7CAEE}.Release|Any CPU.ActiveCfg = Release|Any CPU
		{8B077F85-3B67-4C37-935D-9B54F4B7CAEE}.Release|Any CPU.Build.0 = Release|Any CPU
		{8B077F85-3B67-4C37-935D-9B54F4B7CAEE}.Release|x64.ActiveCfg = Release|Any CPU
		{8B077F85-3B67-4C37-935D-9B54F4B7CAEE}.Release|x64.Build.0 = Release|Any CPU
		{8B077F85-3B67-4C37-935D-9B54F4B7CAEE}.Release|x86.ActiveCfg = Release|Any CPU
		{8B077F85-3B67-4C37-935D-9B54F4B7CAEE}.Release|x86.Build.0 = Release|Any CPU
		{C8A14474-CF45-441C-B742-3587A381BFB9}.Debug|Any CPU.ActiveCfg = Debug|Any CPU
		{C8A14474-CF45-441C-B742-3587A381BFB9}.Debug|Any CPU.Build.0 = Debug|Any CPU
		{C8A14474-CF45-441C-B742-3587A381BFB9}.Debug|x64.ActiveCfg = Debug|Any CPU
		{C8A14474-CF45-441C-B742-3587A381BFB9}.Debug|x64.Build.0 = Debug|Any CPU
		{C8A14474-CF45-441C-B742-3587A381BFB9}.Debug|x86.ActiveCfg = Debug|Any CPU
		{C8A14474-CF45-441C-B742-3587A381BFB9}.Debug|x86.Build.0 = Debug|Any CPU
		{C8A14474-CF45-441C-B742-3587A381BFB9}.Release|Any CPU.ActiveCfg = Release|Any CPU
		{C8A14474-CF45-441C-B742-3587A381BFB9}.Release|Any CPU.Build.0 = Release|Any CPU
		{C8A14474-CF45-441C-B742-3587A381BFB9}.Release|x64.ActiveCfg = Release|Any CPU
		{C8A14474-CF45-441C-B742-3587A381BFB9}.Release|x64.Build.0 = Release|Any CPU
		{C8A14474-CF45-441C-B742-3587A381BFB9}.Release|x86.ActiveCfg = Release|Any CPU
		{C8A14474-CF45-441C-B742-3587A381BFB9}.Release|x86.Build.0 = Release|Any CPU
		{0072958C-3FD3-41D4-8A28-D94A5D318093}.Debug|Any CPU.ActiveCfg = Debug|Any CPU
		{0072958C-3FD3-41D4-8A28-D94A5D318093}.Debug|Any CPU.Build.0 = Debug|Any CPU
		{0072958C-3FD3-41D4-8A28-D94A5D318093}.Debug|x64.ActiveCfg = Debug|Any CPU
		{0072958C-3FD3-41D4-8A28-D94A5D318093}.Debug|x64.Build.0 = Debug|Any CPU
		{0072958C-3FD3-41D4-8A28-D94A5D318093}.Debug|x86.ActiveCfg = Debug|Any CPU
		{0072958C-3FD3-41D4-8A28-D94A5D318093}.Debug|x86.Build.0 = Debug|Any CPU
		{0072958C-3FD3-41D4-8A28-D94A5D318093}.Release|Any CPU.ActiveCfg = Release|Any CPU
		{0072958C-3FD3-41D4-8A28-D94A5D318093}.Release|Any CPU.Build.0 = Release|Any CPU
		{0072958C-3FD3-41D4-8A28-D94A5D318093}.Release|x64.ActiveCfg = Release|Any CPU
		{0072958C-3FD3-41D4-8A28-D94A5D318093}.Release|x64.Build.0 = Release|Any CPU
		{0072958C-3FD3-41D4-8A28-D94A5D318093}.Release|x86.ActiveCfg = Release|Any CPU
		{0072958C-3FD3-41D4-8A28-D94A5D318093}.Release|x86.Build.0 = Release|Any CPU
		{D013F4EB-92C2-40BB-B1D2-6A03269017A6}.Debug|Any CPU.ActiveCfg = Debug|Any CPU
		{D013F4EB-92C2-40BB-B1D2-6A03269017A6}.Debug|Any CPU.Build.0 = Debug|Any CPU
		{D013F4EB-92C2-40BB-B1D2-6A03269017A6}.Debug|x64.ActiveCfg = Debug|Any CPU
		{D013F4EB-92C2-40BB-B1D2-6A03269017A6}.Debug|x64.Build.0 = Debug|Any CPU
		{D013F4EB-92C2-40BB-B1D2-6A03269017A6}.Debug|x86.ActiveCfg = Debug|Any CPU
		{D013F4EB-92C2-40BB-B1D2-6A03269017A6}.Debug|x86.Build.0 = Debug|Any CPU
		{D013F4EB-92C2-40BB-B1D2-6A03269017A6}.Release|Any CPU.ActiveCfg = Release|Any CPU
		{D013F4EB-92C2-40BB-B1D2-6A03269017A6}.Release|Any CPU.Build.0 = Release|Any CPU
		{D013F4EB-92C2-40BB-B1D2-6A03269017A6}.Release|x64.ActiveCfg = Release|Any CPU
		{D013F4EB-92C2-40BB-B1D2-6A03269017A6}.Release|x64.Build.0 = Release|Any CPU
		{D013F4EB-92C2-40BB-B1D2-6A03269017A6}.Release|x86.ActiveCfg = Release|Any CPU
		{D013F4EB-92C2-40BB-B1D2-6A03269017A6}.Release|x86.Build.0 = Release|Any CPU
		{E86290B5-3E8D-491A-AD04-AD27AC660B27}.Debug|Any CPU.ActiveCfg = Debug|Any CPU
		{E86290B5-3E8D-491A-AD04-AD27AC660B27}.Debug|Any CPU.Build.0 = Debug|Any CPU
		{E86290B5-3E8D-491A-AD04-AD27AC660B27}.Debug|x64.ActiveCfg = Debug|Any CPU
		{E86290B5-3E8D-491A-AD04-AD27AC660B27}.Debug|x64.Build.0 = Debug|Any CPU
		{E86290B5-3E8D-491A-AD04-AD27AC660B27}.Debug|x86.ActiveCfg = Debug|Any CPU
		{E86290B5-3E8D-491A-AD04-AD27AC660B27}.Debug|x86.Build.0 = Debug|Any CPU
		{E86290B5-3E8D-491A-AD04-AD27AC660B27}.Release|Any CPU.ActiveCfg = Release|Any CPU
		{E86290B5-3E8D-491A-AD04-AD27AC660B27}.Release|Any CPU.Build.0 = Release|Any CPU
		{E86290B5-3E8D-491A-AD04-AD27AC660B27}.Release|x64.ActiveCfg = Release|Any CPU
		{E86290B5-3E8D-491A-AD04-AD27AC660B27}.Release|x64.Build.0 = Release|Any CPU
		{E86290B5-3E8D-491A-AD04-AD27AC660B27}.Release|x86.ActiveCfg = Release|Any CPU
		{E86290B5-3E8D-491A-AD04-AD27AC660B27}.Release|x86.Build.0 = Release|Any CPU
		{2F183E77-5634-4D1F-A5E4-21576C0DD129}.Debug|Any CPU.ActiveCfg = Debug|Any CPU
		{2F183E77-5634-4D1F-A5E4-21576C0DD129}.Debug|Any CPU.Build.0 = Debug|Any CPU
		{2F183E77-5634-4D1F-A5E4-21576C0DD129}.Debug|x64.ActiveCfg = Debug|Any CPU
		{2F183E77-5634-4D1F-A5E4-21576C0DD129}.Debug|x64.Build.0 = Debug|Any CPU
		{2F183E77-5634-4D1F-A5E4-21576C0DD129}.Debug|x86.ActiveCfg = Debug|Any CPU
		{2F183E77-5634-4D1F-A5E4-21576C0DD129}.Debug|x86.Build.0 = Debug|Any CPU
		{2F183E77-5634-4D1F-A5E4-21576C0DD129}.Release|Any CPU.ActiveCfg = Release|Any CPU
		{2F183E77-5634-4D1F-A5E4-21576C0DD129}.Release|Any CPU.Build.0 = Release|Any CPU
		{2F183E77-5634-4D1F-A5E4-21576C0DD129}.Release|x64.ActiveCfg = Release|Any CPU
		{2F183E77-5634-4D1F-A5E4-21576C0DD129}.Release|x64.Build.0 = Release|Any CPU
		{2F183E77-5634-4D1F-A5E4-21576C0DD129}.Release|x86.ActiveCfg = Release|Any CPU
		{2F183E77-5634-4D1F-A5E4-21576C0DD129}.Release|x86.Build.0 = Release|Any CPU
		{8750CFD9-FC25-4470-A4C5-8AA968B21A15}.Debug|Any CPU.ActiveCfg = Debug|Any CPU
		{8750CFD9-FC25-4470-A4C5-8AA968B21A15}.Debug|Any CPU.Build.0 = Debug|Any CPU
		{8750CFD9-FC25-4470-A4C5-8AA968B21A15}.Debug|x64.ActiveCfg = Debug|Any CPU
		{8750CFD9-FC25-4470-A4C5-8AA968B21A15}.Debug|x64.Build.0 = Debug|Any CPU
		{8750CFD9-FC25-4470-A4C5-8AA968B21A15}.Debug|x86.ActiveCfg = Debug|Any CPU
		{8750CFD9-FC25-4470-A4C5-8AA968B21A15}.Debug|x86.Build.0 = Debug|Any CPU
		{8750CFD9-FC25-4470-A4C5-8AA968B21A15}.Release|Any CPU.ActiveCfg = Release|Any CPU
		{8750CFD9-FC25-4470-A4C5-8AA968B21A15}.Release|Any CPU.Build.0 = Release|Any CPU
		{8750CFD9-FC25-4470-A4C5-8AA968B21A15}.Release|x64.ActiveCfg = Release|Any CPU
		{8750CFD9-FC25-4470-A4C5-8AA968B21A15}.Release|x64.Build.0 = Release|Any CPU
		{8750CFD9-FC25-4470-A4C5-8AA968B21A15}.Release|x86.ActiveCfg = Release|Any CPU
		{8750CFD9-FC25-4470-A4C5-8AA968B21A15}.Release|x86.Build.0 = Release|Any CPU
		{C34EFA7D-6C13-4D7E-9482-42FF0ABEDC1D}.Debug|Any CPU.ActiveCfg = Debug|Any CPU
		{C34EFA7D-6C13-4D7E-9482-42FF0ABEDC1D}.Debug|Any CPU.Build.0 = Debug|Any CPU
		{C34EFA7D-6C13-4D7E-9482-42FF0ABEDC1D}.Debug|x64.ActiveCfg = Debug|Any CPU
		{C34EFA7D-6C13-4D7E-9482-42FF0ABEDC1D}.Debug|x64.Build.0 = Debug|Any CPU
		{C34EFA7D-6C13-4D7E-9482-42FF0ABEDC1D}.Debug|x86.ActiveCfg = Debug|Any CPU
		{C34EFA7D-6C13-4D7E-9482-42FF0ABEDC1D}.Debug|x86.Build.0 = Debug|Any CPU
		{C34EFA7D-6C13-4D7E-9482-42FF0ABEDC1D}.Release|Any CPU.ActiveCfg = Release|Any CPU
		{C34EFA7D-6C13-4D7E-9482-42FF0ABEDC1D}.Release|Any CPU.Build.0 = Release|Any CPU
		{C34EFA7D-6C13-4D7E-9482-42FF0ABEDC1D}.Release|x64.ActiveCfg = Release|Any CPU
		{C34EFA7D-6C13-4D7E-9482-42FF0ABEDC1D}.Release|x64.Build.0 = Release|Any CPU
		{C34EFA7D-6C13-4D7E-9482-42FF0ABEDC1D}.Release|x86.ActiveCfg = Release|Any CPU
		{C34EFA7D-6C13-4D7E-9482-42FF0ABEDC1D}.Release|x86.Build.0 = Release|Any CPU
	EndGlobalSection
	GlobalSection(SolutionProperties) = preSolution
		HideSolutionNode = FALSE
	EndGlobalSection
	GlobalSection(ExtensibilityGlobals) = postSolution
		SolutionGuid = {586EE53A-10FB-4AE9-84FB-7316BD3EE9C5}
	EndGlobalSection
EndGlobal
